
Microsoft Visual Studio Solution File, Format Version 12.00
# Visual Studio 15
VisualStudioVersion = 15.0.27130.2024
MinimumVisualStudioVersion = 10.0.40219.1
Project("{FAE04EC0-301F-11D3-BF4B-00C04F79EFBC}") = "GreatBrainClient", "GreatBrainClient\GreatBrainClient.csproj", "{F6163624-FC4E-4333-ADDF-10CFBEFBD20B}"
EndProject
Project("{FAE04EC0-301F-11D3-BF4B-00C04F79EFBC}") = "BrainNetwork", "BrainNetwork\BrainNetwork.csproj", "{0A95E846-FDC6-4A00-A495-E2528E59E359}"
EndProject
Project("{FAE04EC0-301F-11D3-BF4B-00C04F79EFBC}") = "BrainSimulator", "BrainSimulator\BrainSimulator.csproj", "{A74A836C-51B9-46FE-89C7-7B89CEE25031}"
EndProject
Project("{FAE04EC0-301F-11D3-BF4B-00C04F79EFBC}") = "BrainCommon", "BrainCommon\BrainCommon.csproj", "{508D5173-A3A7-4BA8-8E24-FE8103141A5E}"
EndProject
Project("{FAE04EC0-301F-11D3-BF4B-00C04F79EFBC}") = "BrainProtocolTester", "BrainProtocolTester\BrainProtocolTester.csproj", "{2B69A3FF-4907-40CA-BD5C-F05AFAA078DB}"
EndProject
Project("{FAE04EC0-301F-11D3-BF4B-00C04F79EFBC}") = "DataAccess", "DataAccess\DataAccess.csproj", "{7713A1BD-A789-4F71-B713-D05DFE6A21C1}"
EndProject
Project("{FAE04EC0-301F-11D3-BF4B-00C04F79EFBC}") = "ECGExample", "ECGExample\ECGExample.csproj", "{FD0DD120-232E-46C7-BC19-79B09D4F66E8}"
EndProject
Project("{FAE04EC0-301F-11D3-BF4B-00C04F79EFBC}") = "32ChannelEEG", "32ChannelEEG\32ChannelEEG.csproj", "{984E36A0-D1F4-4ECC-9415-0A3BE0EBF9D6}"
EndProject
Project("{FAE04EC0-301F-11D3-BF4B-00C04F79EFBC}") = "EEGExample", "EEGExample\EEGExample.csproj", "{1544B864-EB5B-464C-B392-BAA01FC581A1}"
EndProject
Project("{FAE04EC0-301F-11D3-BF4B-00C04F79EFBC}") = "Filtering", "mathnet-filtering\src\Filtering\Filtering.csproj", "{5B1D0091-5B3B-4F66-A296-3BCF431FCF15}"
EndProject
Project("{FAE04EC0-301F-11D3-BF4B-00C04F79EFBC}") = "WaveletStudio", "waveletstudio\trunk\src\WaveletStudio\WaveletStudio.csproj", "{003D0672-355F-416B-9E88-DC95F0762329}"
EndProject
Global
	GlobalSection(SolutionConfigurationPlatforms) = preSolution
		Debug|Any CPU = Debug|Any CPU
		Release|Any CPU = Release|Any CPU
	EndGlobalSection
	GlobalSection(ProjectConfigurationPlatforms) = postSolution
		{F6163624-FC4E-4333-ADDF-10CFBEFBD20B}.Debug|Any CPU.ActiveCfg = Debug|Any CPU
		{F6163624-FC4E-4333-ADDF-10CFBEFBD20B}.Debug|Any CPU.Build.0 = Debug|Any CPU
		{F6163624-FC4E-4333-ADDF-10CFBEFBD20B}.Release|Any CPU.ActiveCfg = Release|Any CPU
		{F6163624-FC4E-4333-ADDF-10CFBEFBD20B}.Release|Any CPU.Build.0 = Release|Any CPU
		{0A95E846-FDC6-4A00-A495-E2528E59E359}.Debug|Any CPU.ActiveCfg = Debug|Any CPU
		{0A95E846-FDC6-4A00-A495-E2528E59E359}.Debug|Any CPU.Build.0 = Debug|Any CPU
		{0A95E846-FDC6-4A00-A495-E2528E59E359}.Release|Any CPU.ActiveCfg = Release|Any CPU
		{0A95E846-FDC6-4A00-A495-E2528E59E359}.Release|Any CPU.Build.0 = Release|Any CPU
		{A74A836C-51B9-46FE-89C7-7B89CEE25031}.Debug|Any CPU.ActiveCfg = Debug|Any CPU
		{A74A836C-51B9-46FE-89C7-7B89CEE25031}.Debug|Any CPU.Build.0 = Debug|Any CPU
		{A74A836C-51B9-46FE-89C7-7B89CEE25031}.Release|Any CPU.ActiveCfg = Release|Any CPU
		{A74A836C-51B9-46FE-89C7-7B89CEE25031}.Release|Any CPU.Build.0 = Release|Any CPU
		{508D5173-A3A7-4BA8-8E24-FE8103141A5E}.Debug|Any CPU.ActiveCfg = Debug|Any CPU
		{508D5173-A3A7-4BA8-8E24-FE8103141A5E}.Debug|Any CPU.Build.0 = Debug|Any CPU
		{508D5173-A3A7-4BA8-8E24-FE8103141A5E}.Release|Any CPU.ActiveCfg = Release|Any CPU
		{508D5173-A3A7-4BA8-8E24-FE8103141A5E}.Release|Any CPU.Build.0 = Release|Any CPU
		{2B69A3FF-4907-40CA-BD5C-F05AFAA078DB}.Debug|Any CPU.ActiveCfg = Debug|Any CPU
		{2B69A3FF-4907-40CA-BD5C-F05AFAA078DB}.Debug|Any CPU.Build.0 = Debug|Any CPU
		{2B69A3FF-4907-40CA-BD5C-F05AFAA078DB}.Release|Any CPU.ActiveCfg = Release|Any CPU
		{2B69A3FF-4907-40CA-BD5C-F05AFAA078DB}.Release|Any CPU.Build.0 = Release|Any CPU
		{7713A1BD-A789-4F71-B713-D05DFE6A21C1}.Debug|Any CPU.ActiveCfg = Debug|Any CPU
		{7713A1BD-A789-4F71-B713-D05DFE6A21C1}.Debug|Any CPU.Build.0 = Debug|Any CPU
		{7713A1BD-A789-4F71-B713-D05DFE6A21C1}.Release|Any CPU.ActiveCfg = Release|Any CPU
		{7713A1BD-A789-4F71-B713-D05DFE6A21C1}.Release|Any CPU.Build.0 = Release|Any CPU
		{FD0DD120-232E-46C7-BC19-79B09D4F66E8}.Debug|Any CPU.ActiveCfg = Debug|Any CPU
		{FD0DD120-232E-46C7-BC19-79B09D4F66E8}.Debug|Any CPU.Build.0 = Debug|Any CPU
		{FD0DD120-232E-46C7-BC19-79B09D4F66E8}.Release|Any CPU.ActiveCfg = Release|Any CPU
		{FD0DD120-232E-46C7-BC19-79B09D4F66E8}.Release|Any CPU.Build.0 = Release|Any CPU
		{984E36A0-D1F4-4ECC-9415-0A3BE0EBF9D6}.Debug|Any CPU.ActiveCfg = Debug|Any CPU
		{984E36A0-D1F4-4ECC-9415-0A3BE0EBF9D6}.Debug|Any CPU.Build.0 = Debug|Any CPU
		{984E36A0-D1F4-4ECC-9415-0A3BE0EBF9D6}.Release|Any CPU.ActiveCfg = Release|Any CPU
		{984E36A0-D1F4-4ECC-9415-0A3BE0EBF9D6}.Release|Any CPU.Build.0 = Release|Any CPU
		{1544B864-EB5B-464C-B392-BAA01FC581A1}.Debug|Any CPU.ActiveCfg = Debug|Any CPU
		{1544B864-EB5B-464C-B392-BAA01FC581A1}.Debug|Any CPU.Build.0 = Debug|Any CPU
		{1544B864-EB5B-464C-B392-BAA01FC581A1}.Release|Any CPU.ActiveCfg = Release|Any CPU
		{1544B864-EB5B-464C-B392-BAA01FC581A1}.Release|Any CPU.Build.0 = Release|Any CPU
		{5B1D0091-5B3B-4F66-A296-3BCF431FCF15}.Debug|Any CPU.ActiveCfg = Debug|Any CPU
		{5B1D0091-5B3B-4F66-A296-3BCF431FCF15}.Debug|Any CPU.Build.0 = Debug|Any CPU
		{5B1D0091-5B3B-4F66-A296-3BCF431FCF15}.Release|Any CPU.ActiveCfg = Release|Any CPU
		{5B1D0091-5B3B-4F66-A296-3BCF431FCF15}.Release|Any CPU.Build.0 = Release|Any CPU
		{003D0672-355F-416B-9E88-DC95F0762329}.Debug|Any CPU.ActiveCfg = Debug|Any CPU
		{003D0672-355F-416B-9E88-DC95F0762329}.Debug|Any CPU.Build.0 = Debug|Any CPU
		{003D0672-355F-416B-9E88-DC95F0762329}.Release|Any CPU.ActiveCfg = Release|Any CPU
		{003D0672-355F-416B-9E88-DC95F0762329}.Release|Any CPU.Build.0 = Release|Any CPU
	EndGlobalSection
	GlobalSection(SolutionProperties) = preSolution
		HideSolutionNode = FALSE
	EndGlobalSection
	GlobalSection(ExtensibilityGlobals) = postSolution
		SolutionGuid = {FBE30EC7-AEE1-4DCE-B6A1-5F448531BE0D}
	EndGlobalSection
EndGlobal
